
Microsoft Visual Studio Solution File, Format Version 12.00
# Visual Studio Version 17
VisualStudioVersion = 17.9.34622.214
MinimumVisualStudioVersion = 10.0.40219.1
Project("{9A19103F-16F7-4668-BE54-9A1E7A4F7556}") = "YogaClassManager", "YogaClassManager\YogaClassManager.csproj", "{FF2DA4FF-3F5A-47D8-AC12-772F0D72F0CB}"
EndProject
Project("{FAE04EC0-301F-11D3-BF4B-00C04F79EFBC}") = "YogaClassManager.Core", "YogaClassManager.Core\YogaClassManager.Core.csproj", "{789E73C1-736B-47C3-AEA2-C2D9F85C5305}"
EndProject
Project("{FAE04EC0-301F-11D3-BF4B-00C04F79EFBC}") = "YogaClassManager.Core.Dummy", "YogaClassManager.Core.Dummy\YogaClassManager.Core.Dummy.csproj", "{47DD764C-2A78-4E8E-888C-92AAB6E60EFE}"
EndProject
Project("{FAE04EC0-301F-11D3-BF4B-00C04F79EFBC}") = "YogaClassManager.Core.Tests", "YogaClassManager.Core.Tests\YogaClassManager.Core.Tests.csproj", "{86B5447A-4FBD-4BA3-92EC-F562E176A096}"
EndProject
Project("{FAE04EC0-301F-11D3-BF4B-00C04F79EFBC}") = "YogaClassManager.Avalonia", "YogaClassManager.Avalonia\YogaClassManager.Avalonia.csproj", "{F28DD258-7D36-4C6D-BE9C-81624BC5CBD7}"
EndProject
Project("{FAE04EC0-301F-11D3-BF4B-00C04F79EFBC}") = "YogaClassManager.Avalonia.Tests", "YogaClassManager.Avalonia.Tests\YogaClassManager.Avalonia.Tests.csproj", "{16F0CE42-8A02-4035-BCE8-1C1ABBE59D1A}"
EndProject
Project("{FAE04EC0-301F-11D3-BF4B-00C04F79EFBC}") = "YogaClassManager.Core.SQLite", "YogaClassManager.Core.SQLite\YogaClassManager.Core.SQLite.csproj", "{EAA89D18-D849-4FE7-80A4-B5F4E2F1681E}"
EndProject
Project("{FAE04EC0-301F-11D3-BF4B-00C04F79EFBC}") = "YogaClassManager.Core.Tests.Shared", "YogaClassManager.Core.Tests.Shared\YogaClassManager.Core.Tests.Shared.csproj", "{EF1CB5EC-CBA3-4CF5-8CF3-354380E338D5}"
EndProject
Project("{FAE04EC0-301F-11D3-BF4B-00C04F79EFBC}") = "YogaClassManager.Core.SQLite.Tests", "YogaClassManager.Core.SQLite.Tests\YogaClassManager.Core.SQLite.Tests.csproj", "{FCEE32BB-D65E-402A-ADF5-39D6C061CBB0}"
EndProject
Global
	GlobalSection(SolutionConfigurationPlatforms) = preSolution
		Debug|Any CPU = Debug|Any CPU
		Debug|x64 = Debug|x64
		Debug|x86 = Debug|x86
		Release|Any CPU = Release|Any CPU
		Release|x64 = Release|x64
		Release|x86 = Release|x86
	EndGlobalSection
	GlobalSection(ProjectConfigurationPlatforms) = postSolution
		{FF2DA4FF-3F5A-47D8-AC12-772F0D72F0CB}.Debug|Any CPU.ActiveCfg = Debug|Any CPU
		{FF2DA4FF-3F5A-47D8-AC12-772F0D72F0CB}.Debug|Any CPU.Build.0 = Debug|Any CPU
		{FF2DA4FF-3F5A-47D8-AC12-772F0D72F0CB}.Debug|Any CPU.Deploy.0 = Debug|Any CPU
		{FF2DA4FF-3F5A-47D8-AC12-772F0D72F0CB}.Debug|x64.ActiveCfg = Debug|Any CPU
		{FF2DA4FF-3F5A-47D8-AC12-772F0D72F0CB}.Debug|x64.Build.0 = Debug|Any CPU
		{FF2DA4FF-3F5A-47D8-AC12-772F0D72F0CB}.Debug|x86.ActiveCfg = Debug|Any CPU
		{FF2DA4FF-3F5A-47D8-AC12-772F0D72F0CB}.Debug|x86.Build.0 = Debug|Any CPU
		{FF2DA4FF-3F5A-47D8-AC12-772F0D72F0CB}.Release|Any CPU.ActiveCfg = Release|Any CPU
		{FF2DA4FF-3F5A-47D8-AC12-772F0D72F0CB}.Release|Any CPU.Build.0 = Release|Any CPU
		{FF2DA4FF-3F5A-47D8-AC12-772F0D72F0CB}.Release|x64.ActiveCfg = Release|Any CPU
		{FF2DA4FF-3F5A-47D8-AC12-772F0D72F0CB}.Release|x64.Build.0 = Release|Any CPU
		{FF2DA4FF-3F5A-47D8-AC12-772F0D72F0CB}.Release|x86.ActiveCfg = Release|Any CPU
		{FF2DA4FF-3F5A-47D8-AC12-772F0D72F0CB}.Release|x86.Build.0 = Release|Any CPU
		{789E73C1-736B-47C3-AEA2-C2D9F85C5305}.Debug|Any CPU.ActiveCfg = Debug|Any CPU
		{789E73C1-736B-47C3-AEA2-C2D9F85C5305}.Debug|Any CPU.Build.0 = Debug|Any CPU
		{789E73C1-736B-47C3-AEA2-C2D9F85C5305}.Debug|x64.ActiveCfg = Debug|Any CPU
		{789E73C1-736B-47C3-AEA2-C2D9F85C5305}.Debug|x64.Build.0 = Debug|Any CPU
		{789E73C1-736B-47C3-AEA2-C2D9F85C5305}.Debug|x86.ActiveCfg = Debug|Any CPU
		{789E73C1-736B-47C3-AEA2-C2D9F85C5305}.Debug|x86.Build.0 = Debug|Any CPU
		{789E73C1-736B-47C3-AEA2-C2D9F85C5305}.Release|Any CPU.ActiveCfg = Release|Any CPU
		{789E73C1-736B-47C3-AEA2-C2D9F85C5305}.Release|Any CPU.Build.0 = Release|Any CPU
		{789E73C1-736B-47C3-AEA2-C2D9F85C5305}.Release|x64.ActiveCfg = Release|Any CPU
		{789E73C1-736B-47C3-AEA2-C2D9F85C5305}.Release|x64.Build.0 = Release|Any CPU
		{789E73C1-736B-47C3-AEA2-C2D9F85C5305}.Release|x86.ActiveCfg = Release|Any CPU
		{789E73C1-736B-47C3-AEA2-C2D9F85C5305}.Release|x86.Build.0 = Release|Any CPU
		{47DD764C-2A78-4E8E-888C-92AAB6E60EFE}.Debug|Any CPU.ActiveCfg = Debug|Any CPU
		{47DD764C-2A78-4E8E-888C-92AAB6E60EFE}.Debug|Any CPU.Build.0 = Debug|Any CPU
		{47DD764C-2A78-4E8E-888C-92AAB6E60EFE}.Debug|x64.ActiveCfg = Debug|Any CPU
		{47DD764C-2A78-4E8E-888C-92AAB6E60EFE}.Debug|x64.Build.0 = Debug|Any CPU
		{47DD764C-2A78-4E8E-888C-92AAB6E60EFE}.Debug|x86.ActiveCfg = Debug|Any CPU
		{47DD764C-2A78-4E8E-888C-92AAB6E60EFE}.Debug|x86.Build.0 = Debug|Any CPU
		{47DD764C-2A78-4E8E-888C-92AAB6E60EFE}.Release|Any CPU.ActiveCfg = Release|Any CPU
		{47DD764C-2A78-4E8E-888C-92AAB6E60EFE}.Release|Any CPU.Build.0 = Release|Any CPU
		{47DD764C-2A78-4E8E-888C-92AAB6E60EFE}.Release|x64.ActiveCfg = Release|Any CPU
		{47DD764C-2A78-4E8E-888C-92AAB6E60EFE}.Release|x64.Build.0 = Release|Any CPU
		{47DD764C-2A78-4E8E-888C-92AAB6E60EFE}.Release|x86.ActiveCfg = Release|Any CPU
		{47DD764C-2A78-4E8E-888C-92AAB6E60EFE}.Release|x86.Build.0 = Release|Any CPU
		{86B5447A-4FBD-4BA3-92EC-F562E176A096}.Debug|Any CPU.ActiveCfg = Debug|Any CPU
		{86B5447A-4FBD-4BA3-92EC-F562E176A096}.Debug|Any CPU.Build.0 = Debug|Any CPU
		{86B5447A-4FBD-4BA3-92EC-F562E176A096}.Debug|x64.ActiveCfg = Debug|Any CPU
		{86B5447A-4FBD-4BA3-92EC-F562E176A096}.Debug|x64.Build.0 = Debug|Any CPU
		{86B5447A-4FBD-4BA3-92EC-F562E176A096}.Debug|x86.ActiveCfg = Debug|Any CPU
		{86B5447A-4FBD-4BA3-92EC-F562E176A096}.Debug|x86.Build.0 = Debug|Any CPU
		{86B5447A-4FBD-4BA3-92EC-F562E176A096}.Release|Any CPU.ActiveCfg = Release|Any CPU
		{86B5447A-4FBD-4BA3-92EC-F562E176A096}.Release|Any CPU.Build.0 = Release|Any CPU
		{86B5447A-4FBD-4BA3-92EC-F562E176A096}.Release|x64.ActiveCfg = Release|Any CPU
		{86B5447A-4FBD-4BA3-92EC-F562E176A096}.Release|x64.Build.0 = Release|Any CPU
		{86B5447A-4FBD-4BA3-92EC-F562E176A096}.Release|x86.ActiveCfg = Release|Any CPU
		{86B5447A-4FBD-4BA3-92EC-F562E176A096}.Release|x86.Build.0 = Release|Any CPU
		{F28DD258-7D36-4C6D-BE9C-81624BC5CBD7}.Debug|Any CPU.ActiveCfg = Debug|Any CPU
		{F28DD258-7D36-4C6D-BE9C-81624BC5CBD7}.Debug|Any CPU.Build.0 = Debug|Any CPU
		{F28DD258-7D36-4C6D-BE9C-81624BC5CBD7}.Debug|x64.ActiveCfg = Debug|Any CPU
		{F28DD258-7D36-4C6D-BE9C-81624BC5CBD7}.Debug|x64.Build.0 = Debug|Any CPU
		{F28DD258-7D36-4C6D-BE9C-81624BC5CBD7}.Debug|x86.ActiveCfg = Debug|Any CPU
		{F28DD258-7D36-4C6D-BE9C-81624BC5CBD7}.Debug|x86.Build.0 = Debug|Any CPU
		{F28DD258-7D36-4C6D-BE9C-81624BC5CBD7}.Release|Any CPU.ActiveCfg = Release|Any CPU
		{F28DD258-7D36-4C6D-BE9C-81624BC5CBD7}.Release|Any CPU.Build.0 = Release|Any CPU
		{F28DD258-7D36-4C6D-BE9C-81624BC5CBD7}.Release|x64.ActiveCfg = Release|Any CPU
		{F28DD258-7D36-4C6D-BE9C-81624BC5CBD7}.Release|x64.Build.0 = Release|Any CPU
		{F28DD258-7D36-4C6D-BE9C-81624BC5CBD7}.Release|x86.ActiveCfg = Release|Any CPU
		{F28DD258-7D36-4C6D-BE9C-81624BC5CBD7}.Release|x86.Build.0 = Release|Any CPU
		{16F0CE42-8A02-4035-BCE8-1C1ABBE59D1A}.Debug|Any CPU.ActiveCfg = Debug|Any CPU
		{16F0CE42-8A02-4035-BCE8-1C1ABBE59D1A}.Debug|Any CPU.Build.0 = Debug|Any CPU
		{16F0CE42-8A02-4035-BCE8-1C1ABBE59D1A}.Debug|x64.ActiveCfg = Debug|Any CPU
		{16F0CE42-8A02-4035-BCE8-1C1ABBE59D1A}.Debug|x64.Build.0 = Debug|Any CPU
		{16F0CE42-8A02-4035-BCE8-1C1ABBE59D1A}.Debug|x86.ActiveCfg = Debug|Any CPU
		{16F0CE42-8A02-4035-BCE8-1C1ABBE59D1A}.Debug|x86.Build.0 = Debug|Any CPU
		{16F0CE42-8A02-4035-BCE8-1C1ABBE59D1A}.Release|Any CPU.ActiveCfg = Release|Any CPU
		{16F0CE42-8A02-4035-BCE8-1C1ABBE59D1A}.Release|Any CPU.Build.0 = Release|Any CPU
		{16F0CE42-8A02-4035-BCE8-1C1ABBE59D1A}.Release|x64.ActiveCfg = Release|Any CPU
		{16F0CE42-8A02-4035-BCE8-1C1ABBE59D1A}.Release|x64.Build.0 = Release|Any CPU
		{16F0CE42-8A02-4035-BCE8-1C1ABBE59D1A}.Release|x86.ActiveCfg = Release|Any CPU
		{16F0CE42-8A02-4035-BCE8-1C1ABBE59D1A}.Release|x86.Build.0 = Release|Any CPU
		{EAA89D18-D849-4FE7-80A4-B5F4E2F1681E}.Debug|Any CPU.ActiveCfg = Debug|Any CPU
		{EAA89D18-D849-4FE7-80A4-B5F4E2F1681E}.Debug|Any CPU.Build.0 = Debug|Any CPU
		{EAA89D18-D849-4FE7-80A4-B5F4E2F1681E}.Debug|x64.ActiveCfg = Debug|Any CPU
		{EAA89D18-D849-4FE7-80A4-B5F4E2F1681E}.Debug|x64.Build.0 = Debug|Any CPU
		{EAA89D18-D849-4FE7-80A4-B5F4E2F1681E}.Debug|x86.ActiveCfg = Debug|Any CPU
		{EAA89D18-D849-4FE7-80A4-B5F4E2F1681E}.Debug|x86.Build.0 = Debug|Any CPU
		{EAA89D18-D849-4FE7-80A4-B5F4E2F1681E}.Release|Any CPU.ActiveCfg = Release|Any CPU
		{EAA89D18-D849-4FE7-80A4-B5F4E2F1681E}.Release|Any CPU.Build.0 = Release|Any CPU
		{EAA89D18-D849-4FE7-80A4-B5F4E2F1681E}.Release|x64.ActiveCfg = Release|Any CPU
		{EAA89D18-D849-4FE7-80A4-B5F4E2F1681E}.Release|x64.Build.0 = Release|Any CPU
		{EAA89D18-D849-4FE7-80A4-B5F4E2F1681E}.Release|x86.ActiveCfg = Release|Any CPU
		{EAA89D18-D849-4FE7-80A4-B5F4E2F1681E}.Release|x86.Build.0 = Release|Any CPU
		{EF1CB5EC-CBA3-4CF5-8CF3-354380E338D5}.Debug|Any CPU.ActiveCfg = Debug|Any CPU
		{EF1CB5EC-CBA3-4CF5-8CF3-354380E338D5}.Debug|Any CPU.Build.0 = Debug|Any CPU
		{EF1CB5EC-CBA3-4CF5-8CF3-354380E338D5}.Debug|x64.ActiveCfg = Debug|Any CPU
		{EF1CB5EC-CBA3-4CF5-8CF3-354380E338D5}.Debug|x64.Build.0 = Debug|Any CPU
		{EF1CB5EC-CBA3-4CF5-8CF3-354380E338D5}.Debug|x86.ActiveCfg = Debug|Any CPU
		{EF1CB5EC-CBA3-4CF5-8CF3-354380E338D5}.Debug|x86.Build.0 = Debug|Any CPU
		{EF1CB5EC-CBA3-4CF5-8CF3-354380E338D5}.Release|Any CPU.ActiveCfg = Release|Any CPU
		{EF1CB5EC-CBA3-4CF5-8CF3-354380E338D5}.Release|Any CPU.Build.0 = Release|Any CPU
		{EF1CB5EC-CBA3-4CF5-8CF3-354380E338D5}.Release|x64.ActiveCfg = Release|Any CPU
		{EF1CB5EC-CBA3-4CF5-8CF3-354380E338D5}.Release|x64.Build.0 = Release|Any CPU
		{EF1CB5EC-CBA3-4CF5-8CF3-354380E338D5}.Release|x86.ActiveCfg = Release|Any CPU
		{EF1CB5EC-CBA3-4CF5-8CF3-354380E338D5}.Release|x86.Build.0 = Release|Any CPU
		{FCEE32BB-D65E-402A-ADF5-39D6C061CBB0}.Debug|Any CPU.ActiveCfg = Debug|Any CPU
		{FCEE32BB-D65E-402A-ADF5-39D6C061CBB0}.Debug|Any CPU.Build.0 = Debug|Any CPU
		{FCEE32BB-D65E-402A-ADF5-39D6C061CBB0}.Debug|x64.ActiveCfg = Debug|Any CPU
		{FCEE32BB-D65E-402A-ADF5-39D6C061CBB0}.Debug|x64.Build.0 = Debug|Any CPU
		{FCEE32BB-D65E-402A-ADF5-39D6C061CBB0}.Debug|x86.ActiveCfg = Debug|Any CPU
		{FCEE32BB-D65E-402A-ADF5-39D6C061CBB0}.Debug|x86.Build.0 = Debug|Any CPU
		{FCEE32BB-D65E-402A-ADF5-39D6C061CBB0}.Release|Any CPU.ActiveCfg = Release|Any CPU
		{FCEE32BB-D65E-402A-ADF5-39D6C061CBB0}.Release|Any CPU.Build.0 = Release|Any CPU
		{FCEE32BB-D65E-402A-ADF5-39D6C061CBB0}.Release|x64.ActiveCfg = Release|Any CPU
		{FCEE32BB-D65E-402A-ADF5-39D6C061CBB0}.Release|x64.Build.0 = Release|Any CPU
		{FCEE32BB-D65E-402A-ADF5-39D6C061CBB0}.Release|x86.ActiveCfg = Release|Any CPU
		{FCEE32BB-D65E-402A-ADF5-39D6C061CBB0}.Release|x86.Build.0 = Release|Any CPU
	EndGlobalSection
	GlobalSection(SolutionProperties) = preSolution
		HideSolutionNode = FALSE
	EndGlobalSection
EndGlobal
